
Microsoft Visual Studio Solution File, Format Version 12.00
# Visual Studio 14
VisualStudioVersion = 14.0.25420.1
MinimumVisualStudioVersion = 10.0.40219.1
Project("{FAE04EC0-301F-11D3-BF4B-00C04F79EFBC}") = "LearningSystem.Web", "LearningSystem.Web\LearningSystem.Web.csproj", "{00A2FAB4-91B9-42B5-B8B1-01EB111E8AF8}"
EndProject
Project("{FAE04EC0-301F-11D3-BF4B-00C04F79EFBC}") = "LearningSystem.Models", "LearningSystem.Models\LearningSystem.Models.csproj", "{7B46C8B1-FF42-4BA6-A36B-11718FF7C033}"
EndProject
Project("{FAE04EC0-301F-11D3-BF4B-00C04F79EFBC}") = "LearningSystem.Data", "LearningSystem.Data\LearningSystem.Data.csproj", "{BD09D8D5-1808-45C3-9C8B-B7A215E366C3}"
EndProject
Global
	GlobalSection(SolutionConfigurationPlatforms) = preSolution
		Debug|Any CPU = Debug|Any CPU
		Release|Any CPU = Release|Any CPU
	EndGlobalSection
	GlobalSection(ProjectConfigurationPlatforms) = postSolution
		{00A2FAB4-91B9-42B5-B8B1-01EB111E8AF8}.Debug|Any CPU.ActiveCfg = Debug|Any CPU
		{00A2FAB4-91B9-42B5-B8B1-01EB111E8AF8}.Debug|Any CPU.Build.0 = Debug|Any CPU
		{00A2FAB4-91B9-42B5-B8B1-01EB111E8AF8}.Release|Any CPU.ActiveCfg = Release|Any CPU
		{00A2FAB4-91B9-42B5-B8B1-01EB111E8AF8}.Release|Any CPU.Build.0 = Release|Any CPU
		{7B46C8B1-FF42-4BA6-A36B-11718FF7C033}.Debug|Any CPU.ActiveCfg = Debug|Any CPU
		{7B46C8B1-FF42-4BA6-A36B-11718FF7C033}.Debug|Any CPU.Build.0 = Debug|Any CPU
		{7B46C8B1-FF42-4BA6-A36B-11718FF7C033}.Release|Any CPU.ActiveCfg = Release|Any CPU
		{7B46C8B1-FF42-4BA6-A36B-11718FF7C033}.Release|Any CPU.Build.0 = Release|Any CPU
		{BD09D8D5-1808-45C3-9C8B-B7A215E366C3}.Debug|Any CPU.ActiveCfg = Debug|Any CPU
		{BD09D8D5-1808-45C3-9C8B-B7A215E366C3}.Debug|Any CPU.Build.0 = Debug|Any CPU
		{BD09D8D5-1808-45C3-9C8B-B7A215E366C3}.Release|Any CPU.ActiveCfg = Release|Any CPU
		{BD09D8D5-1808-45C3-9C8B-B7A215E366C3}.Release|Any CPU.Build.0 = Release|Any CPU
	EndGlobalSection
	GlobalSection(SolutionProperties) = preSolution
		HideSolutionNode = FALSE
	EndGlobalSection
EndGlobal
